{
  "name": "manga-deploy",
  "lockfileVersion": 2,
  "requires": true,
  "packages": {
    "": {
      "dependencies": {
        "bootstrap-icons": "^1.9.1",
        "froala-editor": "^4.0.15"
      }
    },
    "node_modules/bootstrap-icons": {
      "version": "1.9.1",
      "resolved": "https://registry.npmjs.org/bootstrap-icons/-/bootstrap-icons-1.9.1.tgz",
      "integrity": "sha512-d4ZkO30MIkAhQ2nNRJqKXJVEQorALGbLWTuRxyCTJF96lRIV6imcgMehWGJUiJMJhglN0o2tqLIeDnMdiQEE9g=="
    },
    "node_modules/froala-editor": {
      "version": "4.0.15",
      "resolved": "https://registry.npmjs.org/froala-editor/-/froala-editor-4.0.15.tgz",
      "integrity": "sha512-wLLzxTCij7IqMuKjd6zu+aJWlv9gUs3maYG7O9CdOswFrA7T8tokGYVi/oFpgu4FI357Z2S6SqmyvcWWNjs3vw=="
    }
  },
  "dependencies": {
    "bootstrap-icons": {
      "version": "1.9.1",
      "resolved": "https://registry.npmjs.org/bootstrap-icons/-/bootstrap-icons-1.9.1.tgz",
      "integrity": "sha512-d4ZkO30MIkAhQ2nNRJqKXJVEQorALGbLWTuRxyCTJF96lRIV6imcgMehWGJUiJMJhglN0o2tqLIeDnMdiQEE9g=="
    },
    "froala-editor": {
      "version": "4.0.15",
      "resolved": "https://registry.npmjs.org/froala-editor/-/froala-editor-4.0.15.tgz",
      "integrity": "sha512-wLLzxTCij7IqMuKjd6zu+aJWlv9gUs3maYG7O9CdOswFrA7T8tokGYVi/oFpgu4FI357Z2S6SqmyvcWWNjs3vw=="
    }
  }
}
